
Microsoft Visual Studio Solution File, Format Version 12.00
# Visual Studio 15
VisualStudioVersion = 15.0.27130.2024
MinimumVisualStudioVersion = 10.0.40219.1
Project("{FAE04EC0-301F-11D3-BF4B-00C04F79EFBC}") = "SendMailApp", "SendMailApp\SendMailApp.csproj", "{FEF5B092-DF9D-43BB-AF4E-34FA4E13593B}"
EndProject
Global
	GlobalSection(SolutionConfigurationPlatforms) = preSolution
		Debug|Any CPU = Debug|Any CPU
		Release|Any CPU = Release|Any CPU
	EndGlobalSection
	GlobalSection(ProjectConfigurationPlatforms) = postSolution
		{FEF5B092-DF9D-43BB-AF4E-34FA4E13593B}.Debug|Any CPU.ActiveCfg = Debug|Any CPU
		{FEF5B092-DF9D-43BB-AF4E-34FA4E13593B}.Debug|Any CPU.Build.0 = Debug|Any CPU
		{FEF5B092-DF9D-43BB-AF4E-34FA4E13593B}.Release|Any CPU.ActiveCfg = Release|Any CPU
		{FEF5B092-DF9D-43BB-AF4E-34FA4E13593B}.Release|Any CPU.Build.0 = Release|Any CPU
	EndGlobalSection
	GlobalSection(SolutionProperties) = preSolution
		HideSolutionNode = FALSE
	EndGlobalSection
	GlobalSection(ExtensibilityGlobals) = postSolution
		SolutionGuid = {3690C485-F9F6-440E-91A4-DD5D6D79C80E}
	EndGlobalSection
EndGlobal
